
Microsoft Visual Studio Solution File, Format Version 12.00
# Visual Studio Version 17
VisualStudioVersion = 17.0.32112.339
MinimumVisualStudioVersion = 10.0.40219.1
Project("{9A19103F-16F7-4668-BE54-9A1E7A4F7556}") = "MvcDonutCaching", "DevTrends.MvcDonutCaching\MvcDonutCaching.csproj", "{854E90C7-8320-4EB6-A286-24A8EE5EBE9B}"
EndProject
Global
	GlobalSection(SolutionConfigurationPlatforms) = preSolution
		CI|Any CPU = CI|Any CPU
		Debug|Any CPU = Debug|Any CPU
		Release.Public|Any CPU = Release.Public|Any CPU
		Release|Any CPU = Release|Any CPU
	EndGlobalSection
	GlobalSection(ProjectConfigurationPlatforms) = postSolution
		{854E90C7-8320-4EB6-A286-24A8EE5EBE9B}.CI|Any CPU.ActiveCfg = CI|Any CPU
		{854E90C7-8320-4EB6-A286-24A8EE5EBE9B}.CI|Any CPU.Build.0 = CI|Any CPU
		{854E90C7-8320-4EB6-A286-24A8EE5EBE9B}.Debug|Any CPU.ActiveCfg = Debug|Any CPU
		{854E90C7-8320-4EB6-A286-24A8EE5EBE9B}.Debug|Any CPU.Build.0 = Debug|Any CPU
		{854E90C7-8320-4EB6-A286-24A8EE5EBE9B}.Release.Public|Any CPU.ActiveCfg = Release.Public|Any CPU
		{854E90C7-8320-4EB6-A286-24A8EE5EBE9B}.Release.Public|Any CPU.Build.0 = Release.Public|Any CPU
		{854E90C7-8320-4EB6-A286-24A8EE5EBE9B}.Release|Any CPU.ActiveCfg = Release|Any CPU
		{854E90C7-8320-4EB6-A286-24A8EE5EBE9B}.Release|Any CPU.Build.0 = Release|Any CPU
	EndGlobalSection
	GlobalSection(SolutionProperties) = preSolution
		HideSolutionNode = FALSE
	EndGlobalSection
	GlobalSection(ExtensibilityGlobals) = postSolution
		SolutionGuid = {207D6C38-A3B0-4BC9-9546-D2B8C4476AFB}
	EndGlobalSection
EndGlobal
